github.com/idavydov/go-lbfgsb v0.1.6 h1:h4WZvS+7VfW0RtO4TMoEOWCLDfe+q9SlTZ8C2Vg07bg=
github.com/idavydov/go-lbfgsb v0.1.6/go.mod h1:vNECpeVptRygu/Z6rc+uhP1c5n54pGGKOpgdPZwpDTg=
github.com/joho/godotenv v1.5.1 h1:7eLL/+HRGLY0ldzfGMeQkb7vMd0as4CfYvUVzLqw0N0=
github.com/joho/godotenv v1.5.1/go.mod h1:f4LDr5Voq0i2e/R5DDNOoa2zzDfwtkZa6DnEwAbqwq4=
github.com/xhhuango/json v1.19.0 h1:6jXPGtpn0dHW7ecoQBIZmYZu1cRYYNm0qHUZdTkUhGA=
github.com/xhhuango/json v1.19.0/go.mod h1:ynZo8WeuBMtTh7LMR1ljdu/8QxceUVbYEcAsPJ7iUb8=
golang.org/x/exp v0.0.0-20231110203233-9a3e6036ecaa h1:FRnLl4eNAQl8hwxVVC17teOw8kdjVDVAiFMtgUdTSRQ=
golang.org/x/exp v0.0.0-20231110203233-9a3e6036ecaa/go.mod h1:zk2irFbV9DP96SEBUUAy67IdHUaZuSnrz1n472HUCLE=
golang.org/x/tools v0.15.0 h1:zdAyfUGbYmuVokhzVmghFl2ZJh5QhcfebBgmVPFYA+8=
golang.org/x/tools v0.15.0/go.mod h1:hpksKq4dtpQWS1uQ61JkdqWM3LscIS6Slf+VVkm+wQk=
gonum.org/v1/gonum v0.15.0 h1:2lYxjRbTYyxkJxlhC+LvJIx3SsANPdRybu1tGj9/OrQ=
gonum.org/v1/gonum v0.15.0/go.mod h1:xzZVBJBtS+Mz4q0Yl2LJTk+OxOg4jiXZ7qBoM0uISGo=
